
Microsoft Visual Studio Solution File, Format Version 12.00
# Visual Studio Version 16
VisualStudioVersion = 16.0.29728.190
MinimumVisualStudioVersion = 10.0.40219.1
Project("{FAE04EC0-301F-11D3-BF4B-00C04F79EFBC}") = "Practica Metodos", "Practica Metodos.csproj", "{EAA67842-8B58-413C-AAA1-AA10866FBB9B}"
EndProject
Global
	GlobalSection(SolutionConfigurationPlatforms) = preSolution
		Debug|Any CPU = Debug|Any CPU
		Release|Any CPU = Release|Any CPU
	EndGlobalSection
	GlobalSection(ProjectConfigurationPlatforms) = postSolution
		{EAA67842-8B58-413C-AAA1-AA10866FBB9B}.Debug|Any CPU.ActiveCfg = Debug|Any CPU
		{EAA67842-8B58-413C-AAA1-AA10866FBB9B}.Debug|Any CPU.Build.0 = Debug|Any CPU
		{EAA67842-8B58-413C-AAA1-AA10866FBB9B}.Release|Any CPU.ActiveCfg = Release|Any CPU
		{EAA67842-8B58-413C-AAA1-AA10866FBB9B}.Release|Any CPU.Build.0 = Release|Any CPU
	EndGlobalSection
	GlobalSection(SolutionProperties) = preSolution
		HideSolutionNode = FALSE
	EndGlobalSection
	GlobalSection(ExtensibilityGlobals) = postSolution
		SolutionGuid = {306CE17D-D791-4ED3-BE4E-B47C0D49A952}
	EndGlobalSection
EndGlobal
