
Microsoft Visual Studio Solution File, Format Version 12.00
# Visual Studio Version 17
VisualStudioVersion = 17.4.33205.214
MinimumVisualStudioVersion = 10.0.40219.1
Project("{FAE04EC0-301F-11D3-BF4B-00C04F79EFBC}") = "CondicionalIf", "CondicionalIf.csproj", "{A3760704-75CE-4B5F-8118-09A818BA568F}"
EndProject
Global
	GlobalSection(SolutionConfigurationPlatforms) = preSolution
		Debug|Any CPU = Debug|Any CPU
		Release|Any CPU = Release|Any CPU
	EndGlobalSection
	GlobalSection(ProjectConfigurationPlatforms) = postSolution
		{A3760704-75CE-4B5F-8118-09A818BA568F}.Debug|Any CPU.ActiveCfg = Debug|Any CPU
		{A3760704-75CE-4B5F-8118-09A818BA568F}.Debug|Any CPU.Build.0 = Debug|Any CPU
		{A3760704-75CE-4B5F-8118-09A818BA568F}.Release|Any CPU.ActiveCfg = Release|Any CPU
		{A3760704-75CE-4B5F-8118-09A818BA568F}.Release|Any CPU.Build.0 = Release|Any CPU
	EndGlobalSection
	GlobalSection(SolutionProperties) = preSolution
		HideSolutionNode = FALSE
	EndGlobalSection
	GlobalSection(ExtensibilityGlobals) = postSolution
		SolutionGuid = {82721048-AA12-41F2-80DF-8288C285F970}
	EndGlobalSection
EndGlobal
